{
  "object": {
    "pins": [
      {
        "package": "ContextKit",
        "repositoryURL": "https://github.com/nerdsupremacist/ContextKit.git",
        "state": {
          "branch": null,
          "revision": "d68c64dd4ed4c616bb5fd58f9d19d939a1735f20",
          "version": "0.2.1"
        }
      },
      {
        "package": "CRuntime",
        "repositoryURL": "https://github.com/nerdsupremacist/CRuntime.git",
        "state": {
          "branch": null,
          "revision": "95f911318d8c885f6fc05e971471f94adfd39405",
          "version": "2.1.2"
        }
      },
      {
        "package": "CwlDemangle",
        "repositoryURL": "https://github.com/mattgallagher/CwlDemangle.git",
        "state": {
          "branch": null,
          "revision": "b268c08207d2990664605c49b2c71cbd0df3445b",
          "version": "0.1.0"
        }
      },
      {
        "package": "GraphZahl",
        "repositoryURL": "https://github.com/nerdsupremacist/GraphZahl.git",
        "state": {
          "branch": null,
          "revision": "26cae6c61bad5ad77f0478b45908e08e5b1a4b73",
          "version": "0.1.0-alpha.6"
        }
      },
      {
        "package": "graphzahl-vapor-support",
        "repositoryURL": "https://github.com/nerdsupremacist/graphzahl-vapor-support.git",
        "state": {
          "branch": null,
          "revision": "710a19422fe795b755172a9c6b1b1a44b74bf708",
          "version": "0.1.0-alpha.2"
        }
      },
      {
        "package": "Runtime",
        "repositoryURL": "https://github.com/nerdsupremacist/Runtime.git",
        "state": {
          "branch": "master",
          "revision": "44f3543c43d694aea9e598f6a6fe9e611fe2aa4b",
          "version": null
        }
      }
    ]
  },
  "version": 1
}
